Microsoft Visual Studio Solution File, Format Version 12.00
# Visual Studio 15
VisualStudioVersion = 15.0.28307.1972
MinimumVisualStudioVersion = 10.0.40219.1
Project("{8BC9CEB8-8B4A-11D0-8D11-00A0C91BC942}") = "zlib", "zlibvc.vcxproj", "{172B65CB-F0B9-4609-BC5D-85AB250B6F08}"
EndProject
Project("{8BC9CEB8-8B4A-11D0-8D11-00A0C91BC942}") = "freetype2", "freetype2.vcxproj", "{CB404D77-D8D1-4803-8F77-B98AF49E8C4E}"
	ProjectSection(ProjectDependencies) = postProject
		{B052FE8A-299A-475D-A1CF-7F11FEA8E7EE} = {B052FE8A-299A-475D-A1CF-7F11FEA8E7EE}
		{172B65CB-F0B9-4609-BC5D-85AB250B6F08} = {172B65CB-F0B9-4609-BC5D-85AB250B6F08}
	EndProjectSection
EndProject
Project("{8BC9CEB8-8B4A-11D0-8D11-00A0C91BC942}") = "jpeg", "jpeg.vcxproj", "{E3694A15-4554-4FBF-93BE-C6995C83DB37}"
EndProject
Project("{8BC9CEB8-8B4A-11D0-8D11-00A0C91BC942}") = "libpng", "libpng.vcxproj", "{B052FE8A-299A-475D-A1CF-7F11FEA8E7EE}"
	ProjectSection(ProjectDependencies) = postProject
		{172B65CB-F0B9-4609-BC5D-85AB250B6F08} = {172B65CB-F0B9-4609-BC5D-85AB250B6F08}
	EndProjectSection
EndProject
Project("{8BC9CEB8-8B4A-11D0-8D11-00A0C91BC942}") = "libgd", "libgd.vcxproj", "{D2EC0E82-843B-4E0C-86DB-7363885BFE7F}"
	ProjectSection(ProjectDependencies) = postProject
		{E3694A15-4554-4FBF-93BE-C6995C83DB37} = {E3694A15-4554-4FBF-93BE-C6995C83DB37}
		{CB404D77-D8D1-4803-8F77-B98AF49E8C4E} = {CB404D77-D8D1-4803-8F77-B98AF49E8C4E}
		{B052FE8A-299A-475D-A1CF-7F11FEA8E7EE} = {B052FE8A-299A-475D-A1CF-7F11FEA8E7EE}
	EndProjectSection
EndProject
Project("{8BC9CEB8-8B4A-11D0-8D11-00A0C91BC942}") = "szip", "szip.vcxproj", "{D079A1EB-912D-4912-8135-C40654BB54CB}"
EndProject
Project("{8BC9CEB8-8B4A-11D0-8D11-00A0C91BC942}") = "curl", "curl.vcxproj", "{6AED4FBC-8699-40FA-AE98-BC98B1EBF41A}"
	ProjectSection(ProjectDependencies) = postProject
		{172B65CB-F0B9-4609-BC5D-85AB250B6F08} = {172B65CB-F0B9-4609-BC5D-85AB250B6F08}
	EndProjectSection
EndProject
Project("{8BC9CEB8-8B4A-11D0-8D11-00A0C91BC942}") = "hdf5", "hdf5.vcxproj", "{CBAD7428-D2C1-4BB2-9ADC-61EE4EA967B3}"
	ProjectSection(ProjectDependencies) = postProject
		{172B65CB-F0B9-4609-BC5D-85AB250B6F08} = {172B65CB-F0B9-4609-BC5D-85AB250B6F08}
		{D079A1EB-912D-4912-8135-C40654BB54CB} = {D079A1EB-912D-4912-8135-C40654BB54CB}
	EndProjectSection
EndProject
Project("{8BC9CEB8-8B4A-11D0-8D11-00A0C91BC942}") = "netcdf", "netcdf.vcxproj", "{2B361B4B-39B2-4F5D-94A2-A754CFB2E19E}"
	ProjectSection(ProjectDependencies) = postProject
		{CBAD7428-D2C1-4BB2-9ADC-61EE4EA967B3} = {CBAD7428-D2C1-4BB2-9ADC-61EE4EA967B3}
		{6AED4FBC-8699-40FA-AE98-BC98B1EBF41A} = {6AED4FBC-8699-40FA-AE98-BC98B1EBF41A}
	EndProjectSection
EndProject
Global
	GlobalSection(SolutionConfigurationPlatforms) = preSolution
		Debug|x64 = Debug|x64
		Debug|Win32 = Debug|Win32
		Release|x64 = Release|x64
		Release|Win32 = Release|Win32
	EndGlobalSection
	GlobalSection(ProjectConfigurationPlatforms) = postSolution
		{172B65CB-F0B9-4609-BC5D-85AB250B6F08}.Debug|x64.ActiveCfg = Debug|x64
		{172B65CB-F0B9-4609-BC5D-85AB250B6F08}.Debug|x64.Build.0 = Debug|x64
		{172B65CB-F0B9-4609-BC5D-85AB250B6F08}.Debug|Win32.ActiveCfg = Debug|Win32
		{172B65CB-F0B9-4609-BC5D-85AB250B6F08}.Debug|Win32.Build.0 = Debug|Win32
		{172B65CB-F0B9-4609-BC5D-85AB250B6F08}.Release|x64.ActiveCfg = Release|x64
		{172B65CB-F0B9-4609-BC5D-85AB250B6F08}.Release|x64.Build.0 = Release|x64
		{172B65CB-F0B9-4609-BC5D-85AB250B6F08}.Release|Win32.ActiveCfg = Release|Win32
		{172B65CB-F0B9-4609-BC5D-85AB250B6F08}.Release|Win32.Build.0 = Release|Win32
		{CB404D77-D8D1-4803-8F77-B98AF49E8C4E}.Debug|x64.ActiveCfg = Debug|x64
		{CB404D77-D8D1-4803-8F77-B98AF49E8C4E}.Debug|x64.Build.0 = Debug|x64
		{CB404D77-D8D1-4803-8F77-B98AF49E8C4E}.Debug|Win32.ActiveCfg = Debug|Win32
		{CB404D77-D8D1-4803-8F77-B98AF49E8C4E}.Debug|Win32.Build.0 = Debug|Win32
		{CB404D77-D8D1-4803-8F77-B98AF49E8C4E}.Release|x64.ActiveCfg = Release|x64
		{CB404D77-D8D1-4803-8F77-B98AF49E8C4E}.Release|x64.Build.0 = Release|x64
		{CB404D77-D8D1-4803-8F77-B98AF49E8C4E}.Release|Win32.ActiveCfg = Release|Win32
		{CB404D77-D8D1-4803-8F77-B98AF49E8C4E}.Release|Win32.Build.0 = Release|Win32
		{E3694A15-4554-4FBF-93BE-C6995C83DB37}.Debug|x64.ActiveCfg = Debug|x64
		{E3694A15-4554-4FBF-93BE-C6995C83DB37}.Debug|x64.Build.0 = Debug|x64
		{E3694A15-4554-4FBF-93BE-C6995C83DB37}.Debug|Win32.ActiveCfg = Debug|Win32
		{E3694A15-4554-4FBF-93BE-C6995C83DB37}.Debug|Win32.Build.0 = Debug|Win32
		{E3694A15-4554-4FBF-93BE-C6995C83DB37}.Release|x64.ActiveCfg = Release|x64
		{E3694A15-4554-4FBF-93BE-C6995C83DB37}.Release|x64.Build.0 = Release|x64
		{E3694A15-4554-4FBF-93BE-C6995C83DB37}.Release|Win32.ActiveCfg = Release|Win32
		{E3694A15-4554-4FBF-93BE-C6995C83DB37}.Release|Win32.Build.0 = Release|Win32
		{B052FE8A-299A-475D-A1CF-7F11FEA8E7EE}.Debug|x64.ActiveCfg = Debug|x64
		{B052FE8A-299A-475D-A1CF-7F11FEA8E7EE}.Debug|x64.Build.0 = Debug|x64
		{B052FE8A-299A-475D-A1CF-7F11FEA8E7EE}.Debug|Win32.ActiveCfg = Debug|Win32
		{B052FE8A-299A-475D-A1CF-7F11FEA8E7EE}.Debug|Win32.Build.0 = Debug|Win32
		{B052FE8A-299A-475D-A1CF-7F11FEA8E7EE}.Release|x64.ActiveCfg = Release|x64
		{B052FE8A-299A-475D-A1CF-7F11FEA8E7EE}.Release|x64.Build.0 = Release|x64
		{B052FE8A-299A-475D-A1CF-7F11FEA8E7EE}.Release|Win32.ActiveCfg = Release|Win32
		{B052FE8A-299A-475D-A1CF-7F11FEA8E7EE}.Release|Win32.Build.0 = Release|Win32
		{D2EC0E82-843B-4E0C-86DB-7363885BFE7F}.Debug|x64.ActiveCfg = Debug|x64
		{D2EC0E82-843B-4E0C-86DB-7363885BFE7F}.Debug|x64.Build.0 = Debug|x64
		{D2EC0E82-843B-4E0C-86DB-7363885BFE7F}.Debug|Win32.ActiveCfg = Debug|Win32
		{D2EC0E82-843B-4E0C-86DB-7363885BFE7F}.Debug|Win32.Build.0 = Debug|Win32
		{D2EC0E82-843B-4E0C-86DB-7363885BFE7F}.Release|x64.ActiveCfg = Release|x64
		{D2EC0E82-843B-4E0C-86DB-7363885BFE7F}.Release|x64.Build.0 = Release|x64
		{D2EC0E82-843B-4E0C-86DB-7363885BFE7F}.Release|Win32.ActiveCfg = Release|Win32
		{D2EC0E82-843B-4E0C-86DB-7363885BFE7F}.Release|Win32.Build.0 = Release|Win32
		{D079A1EB-912D-4912-8135-C40654BB54CB}.Debug|x64.ActiveCfg = Debug|x64
		{D079A1EB-912D-4912-8135-C40654BB54CB}.Debug|x64.Build.0 = Debug|x64
		{D079A1EB-912D-4912-8135-C40654BB54CB}.Debug|Win32.ActiveCfg = Debug|Win32
		{D079A1EB-912D-4912-8135-C40654BB54CB}.Debug|Win32.Build.0 = Debug|Win32
		{D079A1EB-912D-4912-8135-C40654BB54CB}.Release|x64.ActiveCfg = Release|x64
		{D079A1EB-912D-4912-8135-C40654BB54CB}.Release|x64.Build.0 = Release|x64
		{D079A1EB-912D-4912-8135-C40654BB54CB}.Release|Win32.ActiveCfg = Release|Win32
		{D079A1EB-912D-4912-8135-C40654BB54CB}.Release|Win32.Build.0 = Release|Win32
		{6AED4FBC-8699-40FA-AE98-BC98B1EBF41A}.Debug|x64.ActiveCfg = Debug|x64
		{6AED4FBC-8699-40FA-AE98-BC98B1EBF41A}.Debug|x64.Build.0 = Debug|x64
		{6AED4FBC-8699-40FA-AE98-BC98B1EBF41A}.Debug|Win32.ActiveCfg = Debug|Win32
		{6AED4FBC-8699-40FA-AE98-BC98B1EBF41A}.Debug|Win32.Build.0 = Debug|Win32
		{6AED4FBC-8699-40FA-AE98-BC98B1EBF41A}.Release|x64.ActiveCfg = Release|x64
		{6AED4FBC-8699-40FA-AE98-BC98B1EBF41A}.Release|x64.Build.0 = Release|x64
		{6AED4FBC-8699-40FA-AE98-BC98B1EBF41A}.Release|Win32.ActiveCfg = Release|Win32
		{6AED4FBC-8699-40FA-AE98-BC98B1EBF41A}.Release|Win32.Build.0 = Release|Win32
		{CBAD7428-D2C1-4BB2-9ADC-61EE4EA967B3}.Debug|x64.ActiveCfg = Debug|x64
		{CBAD7428-D2C1-4BB2-9ADC-61EE4EA967B3}.Debug|x64.Build.0 = Debug|x64
		{CBAD7428-D2C1-4BB2-9ADC-61EE4EA967B3}.Debug|Win32.ActiveCfg = Debug|Win32
		{CBAD7428-D2C1-4BB2-9ADC-61EE4EA967B3}.Debug|Win32.Build.0 = Debug|Win32
		{CBAD7428-D2C1-4BB2-9ADC-61EE4EA967B3}.Release|x64.ActiveCfg = Release|x64
		{CBAD7428-D2C1-4BB2-9ADC-61EE4EA967B3}.Release|x64.Build.0 = Release|x64
		{CBAD7428-D2C1-4BB2-9ADC-61EE4EA967B3}.Release|Win32.ActiveCfg = Release|Win32
		{CBAD7428-D2C1-4BB2-9ADC-61EE4EA967B3}.Release|Win32.Build.0 = Release|Win32
		{2B361B4B-39B2-4F5D-94A2-A754CFB2E19E}.Debug|x64.ActiveCfg = Debug|x64
		{2B361B4B-39B2-4F5D-94A2-A754CFB2E19E}.Debug|x64.Build.0 = Debug|x64
		{2B361B4B-39B2-4F5D-94A2-A754CFB2E19E}.Debug|Win32.ActiveCfg = Debug|Win32
		{2B361B4B-39B2-4F5D-94A2-A754CFB2E19E}.Debug|Win32.Build.0 = Debug|Win32
		{2B361B4B-39B2-4F5D-94A2-A754CFB2E19E}.Release|x64.ActiveCfg = Release|x64
		{2B361B4B-39B2-4F5D-94A2-A754CFB2E19E}.Release|x64.Build.0 = Release|x64
		{2B361B4B-39B2-4F5D-94A2-A754CFB2E19E}.Release|Win32.ActiveCfg = Release|Win32
		{2B361B4B-39B2-4F5D-94A2-A754CFB2E19E}.Release|Win32.Build.0 = Release|Win32
	EndGlobalSection
	GlobalSection(SolutionProperties) = preSolution
		HideSolutionNode = FALSE
	EndGlobalSection
	GlobalSection(ExtensibilityGlobals) = postSolution
		SolutionGuid = {26D370C4-954B-4A91-94AF-02B982E49B7C}
	EndGlobalSection
EndGlobal
